PODS:
  - Flutter (1.0.0)
  - image_picker_ios (0.0.1):
    - Flutter
  - onnxruntime (0.0.1):
    - Flutter
    - onnxruntime-objc (= 1.15.1)
  - onnxruntime-c (1.15.1)
  - onnxruntime-objc (1.15.1):
    - onnxruntime-objc/Core (= 1.15.1)
  - onnxruntime-objc/Core (1.15.1):
    - onnxruntime-c (= 1.15.1)

DEPENDENCIES:
  - Flutter (from `Flutter`)
  - image_picker_ios (from `.symlinks/plugins/image_picker_ios/ios`)
  - onnxruntime (from `.symlinks/plugins/onnxruntime/ios`)

SPEC REPOS:
  trunk:
    - onnxruntime-c
    - onnxruntime-objc

EXTERNAL SOURCES:
  Flutter:
    :path: Flutter
  image_picker_ios:
    :path: ".symlinks/plugins/image_picker_ios/ios"
  onnxruntime:
    :path: ".symlinks/plugins/onnxruntime/ios"

SPEC CHECKSUMS:
  Flutter: cabc95a1d2626b1b06e7179b784ebcf0c0cde467
  image_picker_ios: e0ece4aa2a75771a7de3fa735d26d90817041326
  onnxruntime: 2ab1957eb029c71d47f7bb35cc4efc9f0d297828
  onnxruntime-c: ebdcfd8650bcbd10121c125262f99dea681b92a3
  onnxruntime-objc: ae7acec7a3d03eaf072d340afed7a35635c1c2a6

PODFILE CHECKSUM: 3c63482e143d1b91d2d2560aee9fb04ecc74ac7e

COCOAPODS: 1.16.2
